
Microsoft Visual Studio Solution File, Format Version 12.00
# Visual Studio Version 16
VisualStudioVersion = 16.0.30611.23
MinimumVisualStudioVersion = 10.0.40219.1
Project("{FAE04EC0-301F-11D3-BF4B-00C04F79EFBC}") = "Hypercube", "Hypercube.csproj", "{8492EC4F-6F47-463F-A60D-B36AE9709642}"
EndProject
Project("{FAE04EC0-301F-11D3-BF4B-00C04F79EFBC}") = "AnalysisServicesTest", "..\AnalysisServicesTest\AnalysisServicesTest.csproj", "{214E7863-134A-4992-94CC-1DAC9AF6CDB5}"
EndProject
Global
	GlobalSection(SolutionConfigurationPlatforms) = preSolution
		Debug|Any CPU = Debug|Any CPU
		Release|Any CPU = Release|Any CPU
	EndGlobalSection
	GlobalSection(ProjectConfigurationPlatforms) = postSolution
		{8492EC4F-6F47-463F-A60D-B36AE9709642}.Debug|Any CPU.ActiveCfg = Debug|Any CPU
		{8492EC4F-6F47-463F-A60D-B36AE9709642}.Debug|Any CPU.Build.0 = Debug|Any CPU
		{8492EC4F-6F47-463F-A60D-B36AE9709642}.Release|Any CPU.ActiveCfg = Release|Any CPU
		{8492EC4F-6F47-463F-A60D-B36AE9709642}.Release|Any CPU.Build.0 = Release|Any CPU
		{214E7863-134A-4992-94CC-1DAC9AF6CDB5}.Debug|Any CPU.ActiveCfg = Debug|Any CPU
		{214E7863-134A-4992-94CC-1DAC9AF6CDB5}.Debug|Any CPU.Build.0 = Debug|Any CPU
		{214E7863-134A-4992-94CC-1DAC9AF6CDB5}.Release|Any CPU.ActiveCfg = Release|Any CPU
		{214E7863-134A-4992-94CC-1DAC9AF6CDB5}.Release|Any CPU.Build.0 = Release|Any CPU
	EndGlobalSection
	GlobalSection(SolutionProperties) = preSolution
		HideSolutionNode = FALSE
	EndGlobalSection
	GlobalSection(ExtensibilityGlobals) = postSolution
		SolutionGuid = {BF484AFE-DE61-487B-AF14-0CCBE34D64EE}
	EndGlobalSection
EndGlobal
